version = 1
revision = 3
requires-python = ">=3.13"

[[package]]
name = "terminaltetris"
version = "0.1.0"
source = { virtual = "." }
dependencies = [
    { name = "windows-curses" },
]

[package.metadata]
requires-dist = [{ name = "windows-curses", specifier = ">=2.4.2" }]

[[package]]
name = "windows-curses"
version = "2.4.2"
source = { registry = "https://pypi.org/simple" }
wheels = [
    { url = "https://files.pythonhosted.org/packages/b1/54/195f2c4d0258ced34a401c8e3c9eefa2aa2221a9f0179ae64ad3cb039e64/windows_curses-2.4.2-cp313-cp313-win32.whl", hash = "sha256:248bf3f1d973e92ca193b1ea8a626ec7f81a66be6f6d6c5e31ff82056453678d", size = 71458, upload-time = "2026-03-31T12:44:40.184Z" },
    { url = "https://files.pythonhosted.org/packages/47/e8/38fd0fef95271280a77a4f3b65e0961d3c39716388b39c08b3040bfb4f2c/windows_curses-2.4.2-cp313-cp313-win_amd64.whl", hash = "sha256:1bf3d0c902374b6c430a954adcb686a5ecd7a31fc4195d31136385b5c1bea925", size = 82200, upload-time = "2026-03-31T12:44:41.503Z" },
    { url = "https://files.pythonhosted.org/packages/d2/22/f90c7d1d83464eb63345802f33e8de41bd732521d9a60a69ad985c8faa90/windows_curses-2.4.2-cp314-cp314-win32.whl", hash = "sha256:a970bf067b3126251423b4da051ef8c1c77acf6294ec96a7d6de7f6b9e5c27a0", size = 77028, upload-time = "2026-03-31T12:44:42.611Z" },
    { url = "https://files.pythonhosted.org/packages/6f/6a/1f8754de746474a049a841e139b443b250a96908d6913ccf2db9a4303584/windows_curses-2.4.2-cp314-cp314-win_amd64.whl", hash = "sha256:6c22cb0310500dfbfe54c76354e37070e300d5473596d48ac4f9c65b2d578b6f", size = 86361, upload-time = "2026-03-31T12:44:43.893Z" },
]
